
Microsoft Visual Studio Solution File, Format Version 12.00
# Visual Studio Version 16
VisualStudioVersion = 16.0.29111.141
MinimumVisualStudioVersion = 10.0.40219.1
Project("{FAE04EC0-301F-11D3-BF4B-00C04F79EFBC}") = "UploadingFiles", "UploadingFiles\UploadingFiles.csproj", "{5DF61338-B6EA-422E-B7E4-19D84DBB332E}"
EndProject
Global
	GlobalSection(SolutionConfigurationPlatforms) = preSolution
		Debug|Any CPU = Debug|Any CPU
		Release|Any CPU = Release|Any CPU
	EndGlobalSection
	GlobalSection(ProjectConfigurationPlatforms) = postSolution
		{5DF61338-B6EA-422E-B7E4-19D84DBB332E}.Debug|Any CPU.ActiveCfg = Debug|Any CPU
		{5DF61338-B6EA-422E-B7E4-19D84DBB332E}.Debug|Any CPU.Build.0 = Debug|Any CPU
		{5DF61338-B6EA-422E-B7E4-19D84DBB332E}.Release|Any CPU.ActiveCfg = Release|Any CPU
		{5DF61338-B6EA-422E-B7E4-19D84DBB332E}.Release|Any CPU.Build.0 = Release|Any CPU
	EndGlobalSection
	GlobalSection(SolutionProperties) = preSolution
		HideSolutionNode = FALSE
	EndGlobalSection
	GlobalSection(ExtensibilityGlobals) = postSolution
		SolutionGuid = {28DFD3F9-EE81-4FA1-AD51-1E5492ACE9A3}
	EndGlobalSection
EndGlobal
